# This file is automatically @generated by Cargo.
# It is not intended for manual editing.
version = 3

[[package]]
name = "cli"
version = "0.1.0"
dependencies = [
 "common",
 "storage",
 "vault",
]

[[package]]
name = "common"
version = "0.1.0"

[[package]]
name = "crypto"
version = "0.1.0"

[[package]]
name = "daemon"
version = "0.1.0"

[[package]]
name = "ffi"
version = "0.1.0"

[[package]]
name = "identity"
version = "0.1.0"

[[package]]
name = "ipc"
version = "0.1.0"

[[package]]
name = "manifest"
version = "0.1.0"
dependencies = [
 "common",
]

[[package]]
name = "network"
version = "0.1.0"

[[package]]
name = "storage"
version = "0.1.0"
dependencies = [
 "common",
]

[[package]]
name = "sync"
version = "0.1.0"

[[package]]
name = "vault"
version = "0.1.0"
dependencies = [
 "common",
]
